
Microsoft Visual Studio Solution File, Format Version 12.00
# Visual Studio Version 17
VisualStudioVersion = 17.8.34330.188
MinimumVisualStudioVersion = 10.0.40219.1
Project("{9A19103F-16F7-4668-BE54-9A1E7A4F7556}") = "testpush", "testpush\testpush.csproj", "{0C58BBFE-0226-4340-8D5A-DBAA432E90B9}"
EndProject
Global
	GlobalSection(SolutionConfigurationPlatforms) = preSolution
		Debug|Any CPU = Debug|Any CPU
		Release|Any CPU = Release|Any CPU
	EndGlobalSection
	GlobalSection(ProjectConfigurationPlatforms) = postSolution
		{0C58BBFE-0226-4340-8D5A-DBAA432E90B9}.Debug|Any CPU.ActiveCfg = Debug|Any CPU
		{0C58BBFE-0226-4340-8D5A-DBAA432E90B9}.Debug|Any CPU.Build.0 = Debug|Any CPU
		{0C58BBFE-0226-4340-8D5A-DBAA432E90B9}.Release|Any CPU.ActiveCfg = Release|Any CPU
		{0C58BBFE-0226-4340-8D5A-DBAA432E90B9}.Release|Any CPU.Build.0 = Release|Any CPU
	EndGlobalSection
	GlobalSection(SolutionProperties) = preSolution
		HideSolutionNode = FALSE
	EndGlobalSection
	GlobalSection(ExtensibilityGlobals) = postSolution
		SolutionGuid = {69FA3243-59E2-4BD4-B1F2-43F27900FD85}
	EndGlobalSection
EndGlobal
